
Microsoft Visual Studio Solution File, Format Version 12.00
# Visual Studio Version 17
VisualStudioVersion = 17.8.34330.188
MinimumVisualStudioVersion = 10.0.40219.1
Project("{FAE04EC0-301F-11D3-BF4B-00C04F79EFBC}") = "MineSweeperWPF", "MineSweeperWPF.csproj", "{D3F48BA2-8E94-47E4-9FC9-EEC574EE2272}"
EndProject
Global
	GlobalSection(SolutionConfigurationPlatforms) = preSolution
		Debug|Any CPU = Debug|Any CPU
		Release|Any CPU = Release|Any CPU
	EndGlobalSection
	GlobalSection(ProjectConfigurationPlatforms) = postSolution
		{D3F48BA2-8E94-47E4-9FC9-EEC574EE2272}.Debug|Any CPU.ActiveCfg = Debug|Any CPU
		{D3F48BA2-8E94-47E4-9FC9-EEC574EE2272}.Debug|Any CPU.Build.0 = Debug|Any CPU
		{D3F48BA2-8E94-47E4-9FC9-EEC574EE2272}.Release|Any CPU.ActiveCfg = Release|Any CPU
		{D3F48BA2-8E94-47E4-9FC9-EEC574EE2272}.Release|Any CPU.Build.0 = Release|Any CPU
	EndGlobalSection
	GlobalSection(SolutionProperties) = preSolution
		HideSolutionNode = FALSE
	EndGlobalSection
	GlobalSection(ExtensibilityGlobals) = postSolution
		SolutionGuid = {6D2F498A-BD75-40F6-88CB-CD7F4013C5CE}
	EndGlobalSection
EndGlobal
